
Microsoft Visual Studio Solution File, Format Version 12.00
# Visual Studio Version 16
VisualStudioVersion = 16.0.30804.86
MinimumVisualStudioVersion = 10.0.40219.1
Project("{FAE04EC0-301F-11D3-BF4B-00C04F79EFBC}") = "NewGrammar", "NewGrammar\NewGrammar.csproj", "{8D60053A-4143-47A8-9B5C-2D7580877A51}"
EndProject
Global
	GlobalSection(SolutionConfigurationPlatforms) = preSolution
		Debug|Any CPU = Debug|Any CPU
		Release|Any CPU = Release|Any CPU
	EndGlobalSection
	GlobalSection(ProjectConfigurationPlatforms) = postSolution
		{8D60053A-4143-47A8-9B5C-2D7580877A51}.Debug|Any CPU.ActiveCfg = Debug|Any CPU
		{8D60053A-4143-47A8-9B5C-2D7580877A51}.Debug|Any CPU.Build.0 = Debug|Any CPU
		{8D60053A-4143-47A8-9B5C-2D7580877A51}.Release|Any CPU.ActiveCfg = Release|Any CPU
		{8D60053A-4143-47A8-9B5C-2D7580877A51}.Release|Any CPU.Build.0 = Release|Any CPU
	EndGlobalSection
	GlobalSection(SolutionProperties) = preSolution
		HideSolutionNode = FALSE
	EndGlobalSection
	GlobalSection(ExtensibilityGlobals) = postSolution
		SolutionGuid = {0C663508-671D-494E-9F51-A297E5718C16}
	EndGlobalSection
EndGlobal
