
Microsoft Visual Studio Solution File, Format Version 12.00
# Visual Studio Version 17
VisualStudioVersion = 17.5.33414.496
MinimumVisualStudioVersion = 10.0.40219.1
Project("{FAE04EC0-301F-11D3-BF4B-00C04F79EFBC}") = "WPFDemo", "WPFDemo\WPFDemo.csproj", "{A14B95F0-B85F-4CC4-95E9-E457575B6961}"
EndProject
Project("{FAE04EC0-301F-11D3-BF4B-00C04F79EFBC}") = "SimpleMVVMDemo1", "SimpleMVVMDemo1\SimpleMVVMDemo1.csproj", "{7CEDA36C-6B50-4C9C-AB29-11FA50A3D0D8}"
EndProject
Project("{FAE04EC0-301F-11D3-BF4B-00C04F79EFBC}") = "CrazyWPF", "CrazyWPF\CrazyWPF.csproj", "{6478CF1E-6424-45E7-9C2D-6099ECA5F8A5}"
EndProject
Project("{FAE04EC0-301F-11D3-BF4B-00C04F79EFBC}") = "MarkupExDemo", "MarkupExDemo\MarkupExDemo.csproj", "{7A0FC9D0-095A-4DAB-BC99-957EA5A30371}"
EndProject
Project("{FAE04EC0-301F-11D3-BF4B-00C04F79EFBC}") = "WPFContent", "WPFContent\WPFContent.csproj", "{1A4123A5-5FF4-4E4F-B403-184FA1522EBD}"
EndProject
Project("{9A19103F-16F7-4668-BE54-9A1E7A4F7556}") = "WpfBinding", "WpfBinding\WpfBinding.csproj", "{927F5092-C85A-4C7B-8B62-A24EC3CE3D71}"
EndProject
Project("{9A19103F-16F7-4668-BE54-9A1E7A4F7556}") = "PrismDemo", "PrismDemo\PrismDemo.csproj", "{68514C39-E3BD-46D8-A126-CD26DEDFC019}"
EndProject
Project("{9A19103F-16F7-4668-BE54-9A1E7A4F7556}") = "PanelDemo", "PanelDemo\PanelDemo.csproj", "{B964208F-C888-4687-94DF-E6D84E4603B0}"
EndProject
Project("{9A19103F-16F7-4668-BE54-9A1E7A4F7556}") = "WinDemo", "WinDemo\WinDemo.csproj", "{9BA3A169-C650-429A-A40E-3A4D4BE64164}"
EndProject
Project("{9A19103F-16F7-4668-BE54-9A1E7A4F7556}") = "MVVMDemo", "MVVMDemo\MVVMDemo.csproj", "{19207D26-6F7E-407B-B947-70ECD497BE3C}"
EndProject
Project("{9A19103F-16F7-4668-BE54-9A1E7A4F7556}") = "MvvmLightCoreDemo", "MvvmLightCoreDemo\MvvmLightCoreDemo.csproj", "{10A2CF2E-B94C-4987-A483-FC807D3E7207}"
EndProject
Project("{FAE04EC0-301F-11D3-BF4B-00C04F79EFBC}") = "MvvmLightFWDemo", "MvvmLightFWDemo\MvvmLightFWDemo.csproj", "{2513A3D6-7979-4F23-8493-8F6D0D4B0F9A}"
EndProject
Project("{9A19103F-16F7-4668-BE54-9A1E7A4F7556}") = "MvvmPrismDemo", "MvvmPrismDemo\MvvmPrismDemo.csproj", "{B92883CF-A381-4288-ACC6-9B8E4FD420B0}"
EndProject
Project("{FAE04EC0-301F-11D3-BF4B-00C04F79EFBC}") = "MvvmPrismDemo.Module1", "MvvmPrismDemo.Module1\MvvmPrismDemo.Module1.csproj", "{1684C01E-FD30-4BF3-A10F-A9980C040468}"
EndProject
Global
	GlobalSection(SolutionConfigurationPlatforms) = preSolution
		Debug|Any CPU = Debug|Any CPU
		Release|Any CPU = Release|Any CPU
	EndGlobalSection
	GlobalSection(ProjectConfigurationPlatforms) = postSolution
		{A14B95F0-B85F-4CC4-95E9-E457575B6961}.Debug|Any CPU.ActiveCfg = Debug|Any CPU
		{A14B95F0-B85F-4CC4-95E9-E457575B6961}.Debug|Any CPU.Build.0 = Debug|Any CPU
		{A14B95F0-B85F-4CC4-95E9-E457575B6961}.Release|Any CPU.ActiveCfg = Release|Any CPU
		{A14B95F0-B85F-4CC4-95E9-E457575B6961}.Release|Any CPU.Build.0 = Release|Any CPU
		{7CEDA36C-6B50-4C9C-AB29-11FA50A3D0D8}.Debug|Any CPU.ActiveCfg = Debug|Any CPU
		{7CEDA36C-6B50-4C9C-AB29-11FA50A3D0D8}.Debug|Any CPU.Build.0 = Debug|Any CPU
		{7CEDA36C-6B50-4C9C-AB29-11FA50A3D0D8}.Release|Any CPU.ActiveCfg = Release|Any CPU
		{7CEDA36C-6B50-4C9C-AB29-11FA50A3D0D8}.Release|Any CPU.Build.0 = Release|Any CPU
		{6478CF1E-6424-45E7-9C2D-6099ECA5F8A5}.Debug|Any CPU.ActiveCfg = Debug|Any CPU
		{6478CF1E-6424-45E7-9C2D-6099ECA5F8A5}.Debug|Any CPU.Build.0 = Debug|Any CPU
		{6478CF1E-6424-45E7-9C2D-6099ECA5F8A5}.Release|Any CPU.ActiveCfg = Release|Any CPU
		{6478CF1E-6424-45E7-9C2D-6099ECA5F8A5}.Release|Any CPU.Build.0 = Release|Any CPU
		{7A0FC9D0-095A-4DAB-BC99-957EA5A30371}.Debug|Any CPU.ActiveCfg = Debug|Any CPU
		{7A0FC9D0-095A-4DAB-BC99-957EA5A30371}.Debug|Any CPU.Build.0 = Debug|Any CPU
		{7A0FC9D0-095A-4DAB-BC99-957EA5A30371}.Release|Any CPU.ActiveCfg = Release|Any CPU
		{7A0FC9D0-095A-4DAB-BC99-957EA5A30371}.Release|Any CPU.Build.0 = Release|Any CPU
		{1A4123A5-5FF4-4E4F-B403-184FA1522EBD}.Debug|Any CPU.ActiveCfg = Debug|Any CPU
		{1A4123A5-5FF4-4E4F-B403-184FA1522EBD}.Debug|Any CPU.Build.0 = Debug|Any CPU
		{1A4123A5-5FF4-4E4F-B403-184FA1522EBD}.Release|Any CPU.ActiveCfg = Release|Any CPU
		{1A4123A5-5FF4-4E4F-B403-184FA1522EBD}.Release|Any CPU.Build.0 = Release|Any CPU
		{927F5092-C85A-4C7B-8B62-A24EC3CE3D71}.Debug|Any CPU.ActiveCfg = Debug|Any CPU
		{927F5092-C85A-4C7B-8B62-A24EC3CE3D71}.Debug|Any CPU.Build.0 = Debug|Any CPU
		{927F5092-C85A-4C7B-8B62-A24EC3CE3D71}.Release|Any CPU.ActiveCfg = Release|Any CPU
		{927F5092-C85A-4C7B-8B62-A24EC3CE3D71}.Release|Any CPU.Build.0 = Release|Any CPU
		{68514C39-E3BD-46D8-A126-CD26DEDFC019}.Debug|Any CPU.ActiveCfg = Debug|Any CPU
		{68514C39-E3BD-46D8-A126-CD26DEDFC019}.Debug|Any CPU.Build.0 = Debug|Any CPU
		{68514C39-E3BD-46D8-A126-CD26DEDFC019}.Release|Any CPU.ActiveCfg = Release|Any CPU
		{68514C39-E3BD-46D8-A126-CD26DEDFC019}.Release|Any CPU.Build.0 = Release|Any CPU
		{B964208F-C888-4687-94DF-E6D84E4603B0}.Debug|Any CPU.ActiveCfg = Debug|Any CPU
		{B964208F-C888-4687-94DF-E6D84E4603B0}.Debug|Any CPU.Build.0 = Debug|Any CPU
		{B964208F-C888-4687-94DF-E6D84E4603B0}.Release|Any CPU.ActiveCfg = Release|Any CPU
		{B964208F-C888-4687-94DF-E6D84E4603B0}.Release|Any CPU.Build.0 = Release|Any CPU
		{9BA3A169-C650-429A-A40E-3A4D4BE64164}.Debug|Any CPU.ActiveCfg = Debug|Any CPU
		{9BA3A169-C650-429A-A40E-3A4D4BE64164}.Debug|Any CPU.Build.0 = Debug|Any CPU
		{9BA3A169-C650-429A-A40E-3A4D4BE64164}.Release|Any CPU.ActiveCfg = Release|Any CPU
		{9BA3A169-C650-429A-A40E-3A4D4BE64164}.Release|Any CPU.Build.0 = Release|Any CPU
		{19207D26-6F7E-407B-B947-70ECD497BE3C}.Debug|Any CPU.ActiveCfg = Debug|Any CPU
		{19207D26-6F7E-407B-B947-70ECD497BE3C}.Debug|Any CPU.Build.0 = Debug|Any CPU
		{19207D26-6F7E-407B-B947-70ECD497BE3C}.Release|Any CPU.ActiveCfg = Release|Any CPU
		{19207D26-6F7E-407B-B947-70ECD497BE3C}.Release|Any CPU.Build.0 = Release|Any CPU
		{10A2CF2E-B94C-4987-A483-FC807D3E7207}.Debug|Any CPU.ActiveCfg = Debug|Any CPU
		{10A2CF2E-B94C-4987-A483-FC807D3E7207}.Debug|Any CPU.Build.0 = Debug|Any CPU
		{10A2CF2E-B94C-4987-A483-FC807D3E7207}.Release|Any CPU.ActiveCfg = Release|Any CPU
		{10A2CF2E-B94C-4987-A483-FC807D3E7207}.Release|Any CPU.Build.0 = Release|Any CPU
		{2513A3D6-7979-4F23-8493-8F6D0D4B0F9A}.Debug|Any CPU.ActiveCfg = Debug|Any CPU
		{2513A3D6-7979-4F23-8493-8F6D0D4B0F9A}.Debug|Any CPU.Build.0 = Debug|Any CPU
		{2513A3D6-7979-4F23-8493-8F6D0D4B0F9A}.Release|Any CPU.ActiveCfg = Release|Any CPU
		{2513A3D6-7979-4F23-8493-8F6D0D4B0F9A}.Release|Any CPU.Build.0 = Release|Any CPU
		{B92883CF-A381-4288-ACC6-9B8E4FD420B0}.Debug|Any CPU.ActiveCfg = Debug|Any CPU
		{B92883CF-A381-4288-ACC6-9B8E4FD420B0}.Debug|Any CPU.Build.0 = Debug|Any CPU
		{B92883CF-A381-4288-ACC6-9B8E4FD420B0}.Release|Any CPU.ActiveCfg = Release|Any CPU
		{B92883CF-A381-4288-ACC6-9B8E4FD420B0}.Release|Any CPU.Build.0 = Release|Any CPU
		{1684C01E-FD30-4BF3-A10F-A9980C040468}.Debug|Any CPU.ActiveCfg = Debug|Any CPU
		{1684C01E-FD30-4BF3-A10F-A9980C040468}.Debug|Any CPU.Build.0 = Debug|Any CPU
		{1684C01E-FD30-4BF3-A10F-A9980C040468}.Release|Any CPU.ActiveCfg = Release|Any CPU
		{1684C01E-FD30-4BF3-A10F-A9980C040468}.Release|Any CPU.Build.0 = Release|Any CPU
	EndGlobalSection
	GlobalSection(SolutionProperties) = preSolution
		HideSolutionNode = FALSE
	EndGlobalSection
	GlobalSection(ExtensibilityGlobals) = postSolution
		SolutionGuid = {82A84380-B9E7-4072-B0D8-9E9E5C392F00}
	EndGlobalSection
EndGlobal
